{
  "version": 4,
  "terraform_version": "1.2.2",
  "serial": 28,
  "lineage": "e2e7ec33-e595-7e8e-f228-a6faf1822053",
  "outputs": {},
  "resources": [
    {
      "mode": "managed",
      "type": "local_file",
      "name": "exemplo",
      "provider": "provider[\"registry.terraform.io/hashicorp/local\"]",
      "instances": [
        {
          "schema_version": 0,
          "attributes": {
            "content": "DOCKER,JENKINS,TERRAFORM",
            "content_base64": null,
            "directory_permission": "0777",
            "file_permission": "0777",
            "filename": "arquivo.txt",
            "id": "a4950a421865ea1ebe1479156cb526898e7d29f6",
            "sensitive_content": null,
            "source": null
          },
          "sensitive_attributes": []
        }
      ]
    }
  ]
}
