{
  "version": 4,
  "terraform_version": "1.4.6",
  "serial": 3,
  "lineage": "1c0ab642-e606-da0a-fbd5-cbf1c3f6cf92",
  "outputs": {},
  "resources": [
    {
      "mode": "managed",
      "type": "github_repository",
      "name": "example",
      "provider": "provider[\"registry.terraform.io/integrations/github\"]",
      "instances": [
        {
          "schema_version": 1,
          "attributes": {
            "allow_auto_merge": false,
            "allow_merge_commit": false,
            "allow_rebase_merge": false,
            "allow_squash_merge": false,
            "allow_update_branch": false,
            "archive_on_destroy": null,
            "archived": false,
            "auto_init": null,
            "default_branch": "main",
            "delete_branch_on_merge": false,
            "description": "Estou muito feliz com essa turma ao vivo",
            "etag": "W/\"d9eba81448cc6266a781277f0ddbc46e2a834ca9ed25f83e140bfaa0992b7aaf\"",
            "full_name": "rafaferreira011/descomplicando-terraform-aula-github-003",
            "git_clone_url": "git://github.com/rafaferreira011/descomplicando-terraform-aula-github-003.git",
            "gitignore_template": null,
            "has_discussions": false,
            "has_downloads": false,
            "has_issues": false,
            "has_projects": false,
            "has_wiki": false,
            "homepage_url": "",
            "html_url": "https://github.com/rafaferreira011/descomplicando-terraform-aula-github-003",
            "http_clone_url": "https://github.com/rafaferreira011/descomplicando-terraform-aula-github-003.git",
            "id": "descomplicando-terraform-aula-github-003",
            "ignore_vulnerability_alerts_during_read": null,
            "is_template": false,
            "license_template": null,
            "merge_commit_message": "",
            "merge_commit_title": "",
            "name": "descomplicando-terraform-aula-github-003",
            "node_id": "R_kgDOJp1wTg",
            "pages": [],
            "private": false,
            "repo_id": 647852110,
            "security_and_analysis": [
              {
                "advanced_security": [],
                "secret_scanning": [
                  {
                    "status": "disabled"
                  }
                ],
                "secret_scanning_push_protection": [
                  {
                    "status": "disabled"
                  }
                ]
              }
            ],
            "squash_merge_commit_message": "",
            "squash_merge_commit_title": "",
            "ssh_clone_url": "git@github.com:rafaferreira011/descomplicando-terraform-aula-github-003.git",
            "svn_url": "https://github.com/rafaferreira011/descomplicando-terraform-aula-github-003",
            "template": [],
            "topics": null,
            "visibility": "public",
            "vulnerability_alerts": false
          },
          "sensitive_attributes": [],
          "private": "eyJzY2hlbWFfdmVyc2lvbiI6IjEifQ=="
        }
      ]
    }
  ],
  "check_results": null
}
