{
  "version": 4,
  "terraform_version": "1.2.2",
  "serial": 60,
  "lineage": "ff0697d2-92cf-b611-9f59-e572c01daaf1",
  "outputs": {},
  "resources": [
    {
      "mode": "managed",
      "type": "local_file",
      "name": "outro_arquivo",
      "provider": "provider[\"registry.terraform.io/hashicorp/local\"]",
      "instances": [
        {
          "index_key": 0,
          "schema_version": 0,
          "attributes": {
            "content": "esse é o conteudo do arquivo - 0",
            "content_base64": null,
            "directory_permission": "0777",
            "file_permission": "0777",
            "filename": "./arquivo0.txt",
            "id": "c0c9b710faf8fbf94b94358e2ead60089a961faf",
            "sensitive_content": null,
            "source": null
          },
          "sensitive_attributes": []
        },
        {
          "index_key": 1,
          "schema_version": 0,
          "attributes": {
            "content": "esse é o conteudo do arquivo - 1",
            "content_base64": null,
            "directory_permission": "0777",
            "file_permission": "0777",
            "filename": "./arquivo1.txt",
            "id": "9a7a7eb4eb5ede2a46e8687b6aa5b19c4194f243",
            "sensitive_content": null,
            "source": null
          },
          "sensitive_attributes": []
        },
        {
          "index_key": 2,
          "schema_version": 0,
          "attributes": {
            "content": "esse é o conteudo do arquivo - 2",
            "content_base64": null,
            "directory_permission": "0777",
            "file_permission": "0777",
            "filename": "./arquivo2.txt",
            "id": "f0031f73a10f1622fb881687a161857c7b6801fa",
            "sensitive_content": null,
            "source": null
          },
          "sensitive_attributes": []
        },
        {
          "index_key": 3,
          "schema_version": 0,
          "attributes": {
            "content": "esse é o conteudo do arquivo - 3",
            "content_base64": null,
            "directory_permission": "0777",
            "file_permission": "0777",
            "filename": "./arquivo3.txt",
            "id": "6fc90a2c51b109dc4956fc4a5a1aa37ba3b804a7",
            "sensitive_content": null,
            "source": null
          },
          "sensitive_attributes": []
        },
        {
          "index_key": 4,
          "schema_version": 0,
          "attributes": {
            "content": "esse é o conteudo do arquivo - 4",
            "content_base64": null,
            "directory_permission": "0777",
            "file_permission": "0777",
            "filename": "./arquivo4.txt",
            "id": "4377ff600fde4bb7790152e65067f25ead850aa8",
            "sensitive_content": null,
            "source": null
          },
          "sensitive_attributes": []
        },
        {
          "index_key": 5,
          "schema_version": 0,
          "attributes": {
            "content": "esse é o conteudo do arquivo - 5",
            "content_base64": null,
            "directory_permission": "0777",
            "file_permission": "0777",
            "filename": "./arquivo5.txt",
            "id": "8aa708adb4f1cb6e801bf68a97acf248d9896b01",
            "sensitive_content": null,
            "source": null
          },
          "sensitive_attributes": []
        },
        {
          "index_key": 6,
          "schema_version": 0,
          "attributes": {
            "content": "esse é o conteudo do arquivo - 6",
            "content_base64": null,
            "directory_permission": "0777",
            "file_permission": "0777",
            "filename": "./arquivo6.txt",
            "id": "a1e4e6e2adf40699e641aa191427defa49460ae7",
            "sensitive_content": null,
            "source": null
          },
          "sensitive_attributes": []
        },
        {
          "index_key": 7,
          "schema_version": 0,
          "attributes": {
            "content": "esse é o conteudo do arquivo - 7",
            "content_base64": null,
            "directory_permission": "0777",
            "file_permission": "0777",
            "filename": "./arquivo7.txt",
            "id": "925df095d08dcfa41f608d72cd7a75d975f74d01",
            "sensitive_content": null,
            "source": null
          },
          "sensitive_attributes": []
        },
        {
          "index_key": 8,
          "schema_version": 0,
          "attributes": {
            "content": "esse é o conteudo do arquivo - 8",
            "content_base64": null,
            "directory_permission": "0777",
            "file_permission": "0777",
            "filename": "./arquivo8.txt",
            "id": "b39bffaff262fc75896dae94b2cfdeec284364be",
            "sensitive_content": null,
            "source": null
          },
          "sensitive_attributes": []
        },
        {
          "index_key": 9,
          "schema_version": 0,
          "attributes": {
            "content": "esse é o conteudo do arquivo - 9",
            "content_base64": null,
            "directory_permission": "0777",
            "file_permission": "0777",
            "filename": "./arquivo9.txt",
            "id": "d9600d7165592ff35a26a011c12799a06316665d",
            "sensitive_content": null,
            "source": null
          },
          "sensitive_attributes": []
        }
      ]
    }
  ]
}
