{
  "version": 4,
  "terraform_version": "1.2.2",
  "serial": 28,
  "lineage": "5682b4e8-9c0f-ca6c-100c-e0212b666553",
  "outputs": {
    "stack_wp_db_password": {
      "value": "AVNS_nUhAosAUKnZMhm_94x1",
      "type": "string",
      "sensitive": true
    },
    "stack_wp_db_user": {
      "value": "wordpress",
      "type": "string"
    }
  },
  "resources": [
    {
      "module": "module.wp-stack",
      "mode": "managed",
      "type": "digitalocean_database_cluster",
      "name": "wp_mysql",
      "provider": "provider[\"registry.terraform.io/digitalocean/digitalocean\"]",
      "instances": [
        {
          "schema_version": 0,
          "attributes": {
            "database": "defaultdb",
            "engine": "mysql",
            "eviction_policy": null,
            "host": "wp-mysql-do-user-13404829-0.b.db.ondigitalocean.com",
            "id": "7b3f20bf-30cc-44d0-a60e-0cd58c54b6c4",
            "maintenance_window": [],
            "name": "wp-mysql",
            "node_count": 1,
            "password": "AVNS_OvkNBNmt1gjHm4Yqnp0",
            "port": 25060,
            "private_host": "private-wp-mysql-do-user-13404829-0.b.db.ondigitalocean.com",
            "private_network_uuid": "8482706e-165b-470a-8e67-be542e35c85b",
            "private_uri": "mysql://doadmin:AVNS_OvkNBNmt1gjHm4Yqnp0@private-wp-mysql-do-user-13404829-0.b.db.ondigitalocean.com:25060/defaultdb?ssl-mode=REQUIRED",
            "region": "nyc1",
            "size": "db-s-1vcpu-1gb",
            "sql_mode": null,
            "tags": null,
            "uri": "mysql://doadmin:AVNS_OvkNBNmt1gjHm4Yqnp0@wp-mysql-do-user-13404829-0.b.db.ondigitalocean.com:25060/defaultdb?ssl-mode=REQUIRED",
            "urn": "do:dbaas:7b3f20bf-30cc-44d0-a60e-0cd58c54b6c4",
            "user": "doadmin",
            "version": "8"
          },
          "sensitive_attributes": [],
          "private": "bnVsbA==",
          "dependencies": [
            "module.wp-stack.digitalocean_vpc.wp_net"
          ]
        }
      ]
    },
    {
      "module": "module.wp-stack",
      "mode": "managed",
      "type": "digitalocean_database_db",
      "name": "wp_database",
      "provider": "provider[\"registry.terraform.io/digitalocean/digitalocean\"]",
      "instances": [
        {
          "schema_version": 0,
          "attributes": {
            "cluster_id": "7b3f20bf-30cc-44d0-a60e-0cd58c54b6c4",
            "id": "7b3f20bf-30cc-44d0-a60e-0cd58c54b6c4/database/wp-database",
            "name": "wp-database"
          },
          "sensitive_attributes": [],
          "private": "bnVsbA==",
          "dependencies": [
            "module.wp-stack.digitalocean_database_cluster.wp_mysql",
            "module.wp-stack.digitalocean_vpc.wp_net"
          ]
        }
      ]
    },
    {
      "module": "module.wp-stack",
      "mode": "managed",
      "type": "digitalocean_database_user",
      "name": "wp_database_user",
      "provider": "provider[\"registry.terraform.io/digitalocean/digitalocean\"]",
      "instances": [
        {
          "schema_version": 0,
          "attributes": {
            "cluster_id": "7b3f20bf-30cc-44d0-a60e-0cd58c54b6c4",
            "id": "7b3f20bf-30cc-44d0-a60e-0cd58c54b6c4/user/wordpress",
            "mysql_auth_plugin": "caching_sha2_password",
            "name": "wordpress",
            "password": "AVNS_nUhAosAUKnZMhm_94x1",
            "role": "normal"
          },
          "sensitive_attributes": [],
          "private": "bnVsbA==",
          "dependencies": [
            "module.wp-stack.digitalocean_database_cluster.wp_mysql",
            "module.wp-stack.digitalocean_vpc.wp_net"
          ]
        }
      ]
    },
    {
      "module": "module.wp-stack",
      "mode": "managed",
      "type": "digitalocean_droplet",
      "name": "vm_nfs",
      "provider": "provider[\"registry.terraform.io/digitalocean/digitalocean\"]",
      "instances": []
    },
    {
      "module": "module.wp-stack",
      "mode": "managed",
      "type": "digitalocean_droplet",
      "name": "vm_wp",
      "provider": "provider[\"registry.terraform.io/digitalocean/digitalocean\"]",
      "instances": []
    },
    {
      "module": "module.wp-stack",
      "mode": "managed",
      "type": "digitalocean_loadbalancer",
      "name": "wp_lb",
      "provider": "provider[\"registry.terraform.io/digitalocean/digitalocean\"]",
      "instances": []
    },
    {
      "module": "module.wp-stack",
      "mode": "managed",
      "type": "digitalocean_vpc",
      "name": "wp_net",
      "provider": "provider[\"registry.terraform.io/digitalocean/digitalocean\"]",
      "instances": [
        {
          "schema_version": 0,
          "attributes": {
            "created_at": "2023-03-25 16:51:13 +0000 UTC",
            "default": false,
            "description": "",
            "id": "8482706e-165b-470a-8e67-be542e35c85b",
            "ip_range": "10.116.16.0/20",
            "name": "wp-network",
            "region": "nyc1",
            "timeouts": null,
            "urn": "do:vpc:8482706e-165b-470a-8e67-be542e35c85b"
          },
          "sensitive_attributes": [],
          "private": "eyJlMmJmYjczMC1lY2FhLTExZTYtOGY4OC0zNDM2M2JjN2M0YzAiOnsiZGVsZXRlIjoxMjAwMDAwMDAwMDB9fQ=="
        }
      ]
    }
  ]
}
