{
  "version": 4,
  "terraform_version": "1.2.2",
  "serial": 6,
  "lineage": "0a11830f-e9f4-5050-19cf-9172cdd9dbc7",
  "outputs": {},
  "resources": [
    {
      "mode": "managed",
      "type": "local_file",
      "name": "arquivo",
      "provider": "provider[\"registry.terraform.io/hashicorp/local\"]",
      "instances": [
        {
          "index_key": 0,
          "schema_version": 0,
          "attributes": {
            "content": "inspired-jawfish",
            "content_base64": null,
            "directory_permission": "0777",
            "file_permission": "0777",
            "filename": "0-arquivo.txt",
            "id": "61653dca4039d20b86b78797bc6add0a1dbd12a8",
            "sensitive_content": null,
            "source": null
          },
          "sensitive_attributes": [],
          "dependencies": [
            "random_pet.pet"
          ]
        },
        {
          "index_key": 1,
          "schema_version": 0,
          "attributes": {
            "content": "sound-beetle",
            "content_base64": null,
            "directory_permission": "0777",
            "file_permission": "0777",
            "filename": "1-arquivo.txt",
            "id": "059470a49635fd14e255fa3e9b6e7c2783a9a221",
            "sensitive_content": null,
            "source": null
          },
          "sensitive_attributes": [],
          "dependencies": [
            "random_pet.pet"
          ]
        },
        {
          "index_key": 2,
          "schema_version": 0,
          "attributes": {
            "content": "saving-manatee",
            "content_base64": null,
            "directory_permission": "0777",
            "file_permission": "0777",
            "filename": "2-arquivo.txt",
            "id": "ce6c018c63fbd69746b140f898ec9dc820333200",
            "sensitive_content": null,
            "source": null
          },
          "sensitive_attributes": [],
          "dependencies": [
            "random_pet.pet"
          ]
        },
        {
          "index_key": 3,
          "schema_version": 0,
          "attributes": {
            "content": "known-katydid",
            "content_base64": null,
            "directory_permission": "0777",
            "file_permission": "0777",
            "filename": "3-arquivo.txt",
            "id": "4268606c4047a60edfd0fb4ec4ae6bff0548d8ac",
            "sensitive_content": null,
            "source": null
          },
          "sensitive_attributes": [],
          "dependencies": [
            "random_pet.pet"
          ]
        }
      ]
    },
    {
      "mode": "managed",
      "type": "random_pet",
      "name": "pet",
      "provider": "provider[\"registry.terraform.io/hashicorp/random\"]",
      "instances": [
        {
          "index_key": 0,
          "schema_version": 0,
          "attributes": {
            "id": "inspired-jawfish",
            "keepers": null,
            "length": 2,
            "prefix": null,
            "separator": "-"
          },
          "sensitive_attributes": []
        },
        {
          "index_key": 1,
          "schema_version": 0,
          "attributes": {
            "id": "sound-beetle",
            "keepers": null,
            "length": 2,
            "prefix": null,
            "separator": "-"
          },
          "sensitive_attributes": []
        },
        {
          "index_key": 2,
          "schema_version": 0,
          "attributes": {
            "id": "saving-manatee",
            "keepers": null,
            "length": 2,
            "prefix": null,
            "separator": "-"
          },
          "sensitive_attributes": []
        },
        {
          "index_key": 3,
          "schema_version": 0,
          "attributes": {
            "id": "known-katydid",
            "keepers": null,
            "length": 2,
            "prefix": null,
            "separator": "-"
          },
          "sensitive_attributes": []
        }
      ]
    }
  ]
}
