{
  "version": 4,
  "terraform_version": "1.2.2",
  "serial": 7,
  "lineage": "bd00defa-ea5e-4596-1d7b-311a5be5fcff",
  "outputs": {},
  "resources": [
    {
      "mode": "managed",
      "type": "random_pet",
      "name": "pets",
      "provider": "provider[\"registry.terraform.io/hashicorp/random\"]",
      "instances": [
        {
          "index_key": 0,
          "schema_version": 0,
          "attributes": {
            "id": "peaceful-frog",
            "keepers": null,
            "length": 2,
            "prefix": null,
            "separator": "-"
          },
          "sensitive_attributes": []
        },
        {
          "index_key": 1,
          "schema_version": 0,
          "attributes": {
            "id": "becoming-giraffe",
            "keepers": null,
            "length": 2,
            "prefix": null,
            "separator": "-"
          },
          "sensitive_attributes": []
        },
        {
          "index_key": 2,
          "schema_version": 0,
          "attributes": {
            "id": "beloved-heron",
            "keepers": null,
            "length": 2,
            "prefix": null,
            "separator": "-"
          },
          "sensitive_attributes": []
        },
        {
          "index_key": 3,
          "schema_version": 0,
          "attributes": {
            "id": "generous-starfish",
            "keepers": null,
            "length": 2,
            "prefix": null,
            "separator": "-"
          },
          "sensitive_attributes": []
        }
      ]
    },
    {
      "module": "module.arquivo_pet",
      "mode": "managed",
      "type": "local_file",
      "name": "arquivo",
      "provider": "provider[\"registry.terraform.io/hashicorp/local\"]",
      "instances": [
        {
          "index_key": 0,
          "schema_version": 0,
          "attributes": {
            "content": "peaceful-frog",
            "content_base64": null,
            "directory_permission": "0777",
            "file_permission": "0777",
            "filename": "0-arquivo.txt",
            "id": "b7d42dd0813ca36787a363bd330ed6e1e94d852b",
            "sensitive_content": null,
            "source": null
          },
          "sensitive_attributes": [],
          "dependencies": [
            "random_pet.pets"
          ]
        },
        {
          "index_key": 1,
          "schema_version": 0,
          "attributes": {
            "content": "becoming-giraffe",
            "content_base64": null,
            "directory_permission": "0777",
            "file_permission": "0777",
            "filename": "1-arquivo.txt",
            "id": "80d43e56f0815f203df2f59f718c890cfd924e19",
            "sensitive_content": null,
            "source": null
          },
          "sensitive_attributes": [],
          "dependencies": [
            "random_pet.pets"
          ]
        },
        {
          "index_key": 2,
          "schema_version": 0,
          "attributes": {
            "content": "beloved-heron",
            "content_base64": null,
            "directory_permission": "0777",
            "file_permission": "0777",
            "filename": "2-arquivo.txt",
            "id": "99d314a64b9e08b5c35f9e2ddbd28a612ee977ae",
            "sensitive_content": null,
            "source": null
          },
          "sensitive_attributes": [],
          "dependencies": [
            "random_pet.pets"
          ]
        },
        {
          "index_key": 3,
          "schema_version": 0,
          "attributes": {
            "content": "generous-starfish",
            "content_base64": null,
            "directory_permission": "0777",
            "file_permission": "0777",
            "filename": "3-arquivo.txt",
            "id": "8c711e59f1fe102af74b4eb31f2aef8cff281fa4",
            "sensitive_content": null,
            "source": null
          },
          "sensitive_attributes": [],
          "dependencies": [
            "random_pet.pets"
          ]
        }
      ]
    }
  ]
}
