{
  "version": 4,
  "terraform_version": "1.2.2",
  "serial": 76,
  "lineage": "0a996098-d85b-6162-d2e5-94fe23eeaf03",
  "outputs": {
    "nome_pet01": {
      "value": [
        "deep-skink",
        "adequate-kit",
        "content-leopard",
        "funny-doberman"
      ],
      "type": [
        "tuple",
        [
          "string",
          "string",
          "string",
          "string"
        ]
      ]
    },
    "nome_pet02": {
      "value": [
        "deep-skink",
        "magical-impala",
        "bold-shrimp",
        "content-leopard"
      ],
      "type": [
        "tuple",
        [
          "string",
          "string",
          "string",
          "string"
        ]
      ]
    }
  },
  "resources": [
    {
      "module": "module.pets[0]",
      "mode": "managed",
      "type": "local_file",
      "name": "arquivo",
      "provider": "provider[\"registry.terraform.io/hashicorp/local\"]",
      "instances": [
        {
          "schema_version": 0,
          "attributes": {
            "content": "deep-skink",
            "content_base64": null,
            "directory_permission": "0777",
            "file_permission": "0777",
            "filename": "teste-arquivo0-arquivo.txt",
            "id": "e5c5c6ef49621fabae9890db384519a471f3032d",
            "sensitive_content": null,
            "source": null
          },
          "sensitive_attributes": [],
          "dependencies": [
            "module.pets.random_pet.pet01"
          ]
        }
      ]
    },
    {
      "module": "module.pets[0]",
      "mode": "managed",
      "type": "local_file",
      "name": "outro_arquivo",
      "provider": "provider[\"registry.terraform.io/hashicorp/local\"]",
      "instances": [
        {
          "schema_version": 0,
          "attributes": {
            "content": "deep-skink",
            "content_base64": null,
            "directory_permission": "0777",
            "file_permission": "0777",
            "filename": "teste-arquivo0outro_arquivo.txt",
            "id": "e5c5c6ef49621fabae9890db384519a471f3032d",
            "sensitive_content": null,
            "source": null
          },
          "sensitive_attributes": [],
          "dependencies": [
            "module.pets.random_pet.pet02"
          ]
        }
      ]
    },
    {
      "module": "module.pets[0]",
      "mode": "managed",
      "type": "random_pet",
      "name": "pet01",
      "provider": "provider[\"registry.terraform.io/hashicorp/random\"]",
      "instances": [
        {
          "schema_version": 0,
          "attributes": {
            "id": "deep-skink",
            "keepers": null,
            "length": 2,
            "prefix": null,
            "separator": "-"
          },
          "sensitive_attributes": []
        }
      ]
    },
    {
      "module": "module.pets[0]",
      "mode": "managed",
      "type": "random_pet",
      "name": "pet02",
      "provider": "provider[\"registry.terraform.io/hashicorp/random\"]",
      "instances": [
        {
          "schema_version": 0,
          "attributes": {
            "id": "deep-skink",
            "keepers": null,
            "length": 2,
            "prefix": null,
            "separator": "-"
          },
          "sensitive_attributes": []
        }
      ]
    },
    {
      "module": "module.pets[1]",
      "mode": "managed",
      "type": "local_file",
      "name": "arquivo",
      "provider": "provider[\"registry.terraform.io/hashicorp/local\"]",
      "instances": [
        {
          "schema_version": 0,
          "attributes": {
            "content": "adequate-kit",
            "content_base64": null,
            "directory_permission": "0777",
            "file_permission": "0777",
            "filename": "teste-arquivo1-arquivo.txt",
            "id": "5369ed3e894673459a4967b0dbde806b602c6f11",
            "sensitive_content": null,
            "source": null
          },
          "sensitive_attributes": [],
          "dependencies": [
            "module.pets.random_pet.pet01"
          ]
        }
      ]
    },
    {
      "module": "module.pets[1]",
      "mode": "managed",
      "type": "local_file",
      "name": "outro_arquivo",
      "provider": "provider[\"registry.terraform.io/hashicorp/local\"]",
      "instances": [
        {
          "schema_version": 0,
          "attributes": {
            "content": "magical-impala",
            "content_base64": null,
            "directory_permission": "0777",
            "file_permission": "0777",
            "filename": "teste-arquivo1outro_arquivo.txt",
            "id": "e25f9fcbae7022afc992eae800dad60da959aea7",
            "sensitive_content": null,
            "source": null
          },
          "sensitive_attributes": [],
          "dependencies": [
            "module.pets.random_pet.pet02"
          ]
        }
      ]
    },
    {
      "module": "module.pets[1]",
      "mode": "managed",
      "type": "random_pet",
      "name": "pet01",
      "provider": "provider[\"registry.terraform.io/hashicorp/random\"]",
      "instances": [
        {
          "schema_version": 0,
          "attributes": {
            "id": "adequate-kit",
            "keepers": null,
            "length": 2,
            "prefix": null,
            "separator": "-"
          },
          "sensitive_attributes": []
        }
      ]
    },
    {
      "module": "module.pets[1]",
      "mode": "managed",
      "type": "random_pet",
      "name": "pet02",
      "provider": "provider[\"registry.terraform.io/hashicorp/random\"]",
      "instances": [
        {
          "schema_version": 0,
          "attributes": {
            "id": "magical-impala",
            "keepers": null,
            "length": 2,
            "prefix": null,
            "separator": "-"
          },
          "sensitive_attributes": []
        }
      ]
    },
    {
      "module": "module.pets[2]",
      "mode": "managed",
      "type": "local_file",
      "name": "arquivo",
      "provider": "provider[\"registry.terraform.io/hashicorp/local\"]",
      "instances": [
        {
          "schema_version": 0,
          "attributes": {
            "content": "content-leopard",
            "content_base64": null,
            "directory_permission": "0777",
            "file_permission": "0777",
            "filename": "teste-arquivo2-arquivo.txt",
            "id": "e10f197393c9184545762ed5c040dcb083942520",
            "sensitive_content": null,
            "source": null
          },
          "sensitive_attributes": [],
          "dependencies": [
            "module.pets.random_pet.pet01"
          ]
        }
      ]
    },
    {
      "module": "module.pets[2]",
      "mode": "managed",
      "type": "local_file",
      "name": "outro_arquivo",
      "provider": "provider[\"registry.terraform.io/hashicorp/local\"]",
      "instances": [
        {
          "schema_version": 0,
          "attributes": {
            "content": "bold-shrimp",
            "content_base64": null,
            "directory_permission": "0777",
            "file_permission": "0777",
            "filename": "teste-arquivo2outro_arquivo.txt",
            "id": "6277b1793bec47ce16d23464a0fcec01d196542a",
            "sensitive_content": null,
            "source": null
          },
          "sensitive_attributes": [],
          "dependencies": [
            "module.pets.random_pet.pet02"
          ]
        }
      ]
    },
    {
      "module": "module.pets[2]",
      "mode": "managed",
      "type": "random_pet",
      "name": "pet01",
      "provider": "provider[\"registry.terraform.io/hashicorp/random\"]",
      "instances": [
        {
          "schema_version": 0,
          "attributes": {
            "id": "content-leopard",
            "keepers": null,
            "length": 2,
            "prefix": null,
            "separator": "-"
          },
          "sensitive_attributes": []
        }
      ]
    },
    {
      "module": "module.pets[2]",
      "mode": "managed",
      "type": "random_pet",
      "name": "pet02",
      "provider": "provider[\"registry.terraform.io/hashicorp/random\"]",
      "instances": [
        {
          "schema_version": 0,
          "attributes": {
            "id": "bold-shrimp",
            "keepers": null,
            "length": 2,
            "prefix": null,
            "separator": "-"
          },
          "sensitive_attributes": []
        }
      ]
    },
    {
      "module": "module.pets[3]",
      "mode": "managed",
      "type": "local_file",
      "name": "arquivo",
      "provider": "provider[\"registry.terraform.io/hashicorp/local\"]",
      "instances": [
        {
          "schema_version": 0,
          "attributes": {
            "content": "funny-doberman",
            "content_base64": null,
            "directory_permission": "0777",
            "file_permission": "0777",
            "filename": "teste-arquivo3-arquivo.txt",
            "id": "9cc686e80212edbe35c6b2419fb59cc3275c4e29",
            "sensitive_content": null,
            "source": null
          },
          "sensitive_attributes": [],
          "dependencies": [
            "module.pets.random_pet.pet01"
          ]
        }
      ]
    },
    {
      "module": "module.pets[3]",
      "mode": "managed",
      "type": "local_file",
      "name": "outro_arquivo",
      "provider": "provider[\"registry.terraform.io/hashicorp/local\"]",
      "instances": [
        {
          "schema_version": 0,
          "attributes": {
            "content": "content-leopard",
            "content_base64": null,
            "directory_permission": "0777",
            "file_permission": "0777",
            "filename": "teste-arquivo3outro_arquivo.txt",
            "id": "e10f197393c9184545762ed5c040dcb083942520",
            "sensitive_content": null,
            "source": null
          },
          "sensitive_attributes": [],
          "dependencies": [
            "module.pets.random_pet.pet02"
          ]
        }
      ]
    },
    {
      "module": "module.pets[3]",
      "mode": "managed",
      "type": "random_pet",
      "name": "pet01",
      "provider": "provider[\"registry.terraform.io/hashicorp/random\"]",
      "instances": [
        {
          "schema_version": 0,
          "attributes": {
            "id": "funny-doberman",
            "keepers": null,
            "length": 2,
            "prefix": null,
            "separator": "-"
          },
          "sensitive_attributes": []
        }
      ]
    },
    {
      "module": "module.pets[3]",
      "mode": "managed",
      "type": "random_pet",
      "name": "pet02",
      "provider": "provider[\"registry.terraform.io/hashicorp/random\"]",
      "instances": [
        {
          "schema_version": 0,
          "attributes": {
            "id": "content-leopard",
            "keepers": null,
            "length": 2,
            "prefix": null,
            "separator": "-"
          },
          "sensitive_attributes": []
        }
      ]
    }
  ]
}
