{
  "version": 4,
  "terraform_version": "1.2.2",
  "serial": 13,
  "lineage": "f83bca94-0a43-da17-0b3d-34627beaed69",
  "outputs": {},
  "resources": [
    {
      "mode": "managed",
      "type": "local_file",
      "name": "arquivo",
      "provider": "provider[\"registry.terraform.io/hashicorp/local\"]",
      "instances": [
        {
          "index_key": 0,
          "schema_version": 0,
          "attributes": {
            "content": "funky-kiwi",
            "content_base64": null,
            "directory_permission": "0777",
            "file_permission": "0777",
            "filename": "0-arquivo.txt",
            "id": "52cd334fb0d52226443c296e4e986b026dcdd940",
            "sensitive_content": null,
            "source": null
          },
          "sensitive_attributes": [],
          "dependencies": [
            "random_pet.pet"
          ]
        },
        {
          "index_key": 1,
          "schema_version": 0,
          "attributes": {
            "content": "first-sheepdog",
            "content_base64": null,
            "directory_permission": "0777",
            "file_permission": "0777",
            "filename": "1-arquivo.txt",
            "id": "f463f378d03cb0df0b6430a9fdc8499ce530ca18",
            "sensitive_content": null,
            "source": null
          },
          "sensitive_attributes": [],
          "dependencies": [
            "random_pet.pet"
          ]
        },
        {
          "index_key": 2,
          "schema_version": 0,
          "attributes": {
            "content": "adapted-lionfish",
            "content_base64": null,
            "directory_permission": "0777",
            "file_permission": "0777",
            "filename": "2-arquivo.txt",
            "id": "24f7440289f05c827c3d2e484ba279a55512dfc5",
            "sensitive_content": null,
            "source": null
          },
          "sensitive_attributes": [],
          "dependencies": [
            "random_pet.pet"
          ]
        },
        {
          "index_key": 3,
          "schema_version": 0,
          "attributes": {
            "content": "precious-unicorn",
            "content_base64": null,
            "directory_permission": "0777",
            "file_permission": "0777",
            "filename": "3-arquivo.txt",
            "id": "3d733ed97f2d959b8d49ec9fe9f0167cf78d1431",
            "sensitive_content": null,
            "source": null
          },
          "sensitive_attributes": [],
          "dependencies": [
            "random_pet.pet"
          ]
        }
      ]
    },
    {
      "mode": "managed",
      "type": "random_pet",
      "name": "pet",
      "provider": "provider[\"registry.terraform.io/hashicorp/random\"]",
      "instances": [
        {
          "index_key": 0,
          "schema_version": 0,
          "attributes": {
            "id": "funky-kiwi",
            "keepers": null,
            "length": 2,
            "prefix": null,
            "separator": "-"
          },
          "sensitive_attributes": []
        },
        {
          "index_key": 1,
          "schema_version": 0,
          "attributes": {
            "id": "first-sheepdog",
            "keepers": null,
            "length": 2,
            "prefix": null,
            "separator": "-"
          },
          "sensitive_attributes": []
        },
        {
          "index_key": 2,
          "schema_version": 0,
          "attributes": {
            "id": "adapted-lionfish",
            "keepers": null,
            "length": 2,
            "prefix": null,
            "separator": "-"
          },
          "sensitive_attributes": []
        },
        {
          "index_key": 3,
          "schema_version": 0,
          "attributes": {
            "id": "precious-unicorn",
            "keepers": null,
            "length": 2,
            "prefix": null,
            "separator": "-"
          },
          "sensitive_attributes": []
        }
      ]
    }
  ]
}
