{
  "version": 4,
  "terraform_version": "1.2.2",
  "serial": 5,
  "lineage": "12aa27e5-5e50-e29d-2902-5e7b3f95ff77",
  "outputs": {},
  "resources": [
    {
      "mode": "data",
      "type": "digitalocean_ssh_key",
      "name": "ssh",
      "provider": "provider[\"registry.terraform.io/digitalocean/digitalocean\"]",
      "instances": [
        {
          "schema_version": 0,
          "attributes": {
            "fingerprint": "cc:9a:bd:06:a3:91:91:54:2d:b2:21:0a:b5:4e:31:2e",
            "id": 37576515,
            "name": "terraform",
            "public_key": "ssh-rsa AAAAB3NzaC1yc2EAAAADAQABAAABAQCi2s/qs5e0VGrG9fsWDL9aWjo1wimgRCxHs/1tfULgULxF0JZe++IGgxf+KhdawOXPH6Z1JMi18lEFpw/TWL1yE9Q9XxXMAP/OgwGmdluem+On/6YWGPKh1PR5k6wJu8P5uYyPgW44fbw3MjQJTbmhEIttS36+SjAgmFzFHlrn0jkbPbiIcNikCL7eTJvNv+kASKYhR64lOOtMZkTMsfIc2LXeMG1r69/LoyNTRr3vu+kXa4dh5qrZCe7n3hzprELsPBEJ789AJJv0ppftfWmGLA0ayJp/XOx6e2h67ylx/iYhe4YCESI0kYj53EOSAaxMZpzoguGWI7xINKqkuvpz rafael@Note-Rafael"
          },
          "sensitive_attributes": []
        }
      ]
    },
    {
      "mode": "managed",
      "type": "digitalocean_droplet",
      "name": "vm",
      "provider": "provider[\"registry.terraform.io/digitalocean/digitalocean\"]",
      "instances": [
        {
          "schema_version": 1,
          "attributes": {
            "backups": false,
            "created_at": "2023-03-07T23:19:29Z",
            "disk": 25,
            "droplet_agent": null,
            "graceful_shutdown": false,
            "id": "344343844",
            "image": "ubuntu-22-04-x64",
            "ipv4_address": "142.93.49.163",
            "ipv4_address_private": "10.116.0.2",
            "ipv6": false,
            "ipv6_address": "",
            "locked": false,
            "memory": 1024,
            "monitoring": false,
            "name": "vm",
            "price_hourly": 0.00893,
            "price_monthly": 6,
            "private_networking": true,
            "region": "nyc1",
            "resize_disk": true,
            "size": "s-1vcpu-1gb",
            "ssh_keys": [
              "37576515"
            ],
            "status": "active",
            "tags": [],
            "timeouts": null,
            "urn": "do:droplet:344343844",
            "user_data": null,
            "vcpus": 1,
            "volume_ids": [],
            "vpc_uuid": "add968cb-6ac1-437d-a930-ce2c23f878ba"
          },
          "sensitive_attributes": [],
          "private": "eyJlMmJmYjczMC1lY2FhLTExZTYtOGY4OC0zNDM2M2JjN2M0YzAiOnsiY3JlYXRlIjozNjAwMDAwMDAwMDAwLCJkZWxldGUiOjYwMDAwMDAwMDAwLCJ1cGRhdGUiOjM2MDAwMDAwMDAwMDB9LCJzY2hlbWFfdmVyc2lvbiI6IjEifQ==",
          "dependencies": [
            "data.digitalocean_ssh_key.ssh"
          ]
        }
      ]
    },
    {
      "mode": "managed",
      "type": "digitalocean_droplet",
      "name": "vm_outside",
      "provider": "provider[\"registry.terraform.io/digitalocean/digitalocean\"]",
      "instances": [
        {
          "schema_version": 1,
          "attributes": {
            "backups": false,
            "created_at": "2023-03-07T23:22:24Z",
            "disk": 50,
            "droplet_agent": null,
            "graceful_shutdown": false,
            "id": "344344036",
            "image": "ubuntu-22-10-x64",
            "ipv4_address": "159.223.114.10",
            "ipv4_address_private": "10.116.0.3",
            "ipv6": false,
            "ipv6_address": "",
            "locked": false,
            "memory": 2048,
            "monitoring": false,
            "name": "vm-outside-teste",
            "price_hourly": 0.01786,
            "price_monthly": 12,
            "private_networking": true,
            "region": "nyc1",
            "resize_disk": true,
            "size": "s-1vcpu-2gb",
            "ssh_keys": null,
            "status": "active",
            "tags": [],
            "timeouts": {
              "create": null,
              "delete": null,
              "update": null
            },
            "urn": "do:droplet:344344036",
            "user_data": null,
            "vcpus": 1,
            "volume_ids": [],
            "vpc_uuid": "add968cb-6ac1-437d-a930-ce2c23f878ba"
          },
          "sensitive_attributes": [],
          "private": "eyJlMmJmYjczMC1lY2FhLTExZTYtOGY4OC0zNDM2M2JjN2M0YzAiOnsiY3JlYXRlIjozNjAwMDAwMDAwMDAwLCJkZWxldGUiOjYwMDAwMDAwMDAwLCJ1cGRhdGUiOjM2MDAwMDAwMDAwMDB9LCJzY2hlbWFfdmVyc2lvbiI6IjEifQ=="
        }
      ]
    }
  ]
}
