{
  "version": 4,
  "terraform_version": "1.2.2",
  "serial": 16,
  "lineage": "16761fa1-5080-1deb-ad2a-ff7084ba01ce",
  "outputs": {},
  "resources": [
    {
      "mode": "managed",
      "type": "local_file",
      "name": "arquivo",
      "provider": "provider[\"registry.terraform.io/hashicorp/local\"]",
      "instances": [
        {
          "schema_version": 0,
          "attributes": {
            "content": "Ambiente de desenvolvimento",
            "content_base64": null,
            "content_base64sha256": "uxnscaUXEUPppENYj2mKlNJKkMP3Z1Fbdqi65R7r2r0=",
            "content_base64sha512": "W82S/LlAgXQb6wQyD+GISGt+jIgFx45WtlUNfd/+Wz+GimlOIVQ8nnPIsGw4m4nFRUdbuQfaTAdSeazcb1B0aw==",
            "content_md5": "4b726d26a9143f0fd38520d73867a195",
            "content_sha1": "2a5d3cbe5a08f7546506bc4123b430701c5fdc63",
            "content_sha256": "bb19ec71a5171143e9a443588f698a94d24a90c3f767515b76a8bae51eebdabd",
            "content_sha512": "5bcd92fcb94081741beb04320fe188486b7e8c8805c78e56b6550d7ddffe5b3f868a694e21543c9e73c8b06c389b89c545475bb907da4c075279acdc6f50746b",
            "directory_permission": "0777",
            "file_permission": "0777",
            "filename": "arquivo-dev.txt",
            "id": "2a5d3cbe5a08f7546506bc4123b430701c5fdc63",
            "sensitive_content": null,
            "source": null
          },
          "sensitive_attributes": []
        }
      ]
    }
  ]
}
