{
  "version": 4,
  "terraform_version": "1.2.2",
  "serial": 13,
  "lineage": "16761fa1-5080-1deb-ad2a-ff7084ba01ce",
  "outputs": {},
  "resources": [
    {
      "mode": "managed",
      "type": "local_file",
      "name": "arquivo",
      "provider": "provider[\"registry.terraform.io/hashicorp/local\"]",
      "instances": [
        {
          "schema_version": 0,
          "attributes": {
            "content": "Ambiente de hml",
            "content_base64": null,
            "content_base64sha256": "IqJbkVK/bFiqQos8te9aT5pg+QieEr1OdZw8Hb2+eLM=",
            "content_base64sha512": "BHtqDchN4JcwFEfE5QoKBe8FptJt2wcKZElwpxP4J1F3CyLtSZJ9GF2ROcEecyh8rsvDngOOfWHp560G6EF2Dw==",
            "content_md5": "b56c1af01524bf86749ea8c9e48f5f2c",
            "content_sha1": "232e2f1ee43ec0be686beb6ad512c7e6a0e45661",
            "content_sha256": "22a25b9152bf6c58aa428b3cb5ef5a4f9a60f9089e12bd4e759c3c1dbdbe78b3",
            "content_sha512": "047b6a0dc84de097301447c4e50a0a05ef05a6d26ddb070a644970a713f82751770b22ed49927d185d9139c11e73287caecbc39e038e7d61e9e7ad06e841760f",
            "directory_permission": "0777",
            "file_permission": "0777",
            "filename": "arquivo-dev.txt",
            "id": "232e2f1ee43ec0be686beb6ad512c7e6a0e45661",
            "sensitive_content": null,
            "source": null
          },
          "sensitive_attributes": []
        }
      ]
    }
  ]
}
